# THIS IS AN AUTOGENERATED FILE. DO NOT EDIT THIS FILE DIRECTLY.
# yarn lockfile v1


"@types/lodash.merge@^4.6.7":
  version "4.6.7"
  resolved "https://registry.yarnpkg.com/@types/lodash.merge/-/lodash.merge-4.6.7.tgz#0af6555dd8bc6568ef73e5e0d820a027362946b1"
  integrity sha512-OwxUJ9E50gw3LnAefSHJPHaBLGEKmQBQ7CZe/xflHkyy/wH2zVyEIAKReHvVrrn7zKdF58p16We9kMfh7v0RRQ==
  dependencies:
    "@types/lodash" "*"

"@types/lodash@*":
  version "4.14.186"
  resolved "https://registry.yarnpkg.com/@types/lodash/-/lodash-4.14.186.tgz#862e5514dd7bd66ada6c70ee5fce844b06c8ee97"
  integrity sha512-eHcVlLXP0c2FlMPm56ITode2AgLMSa6aJ05JTTbYbI+7EMkCEE5qk2E41d5g2lCVTqRe0GnnRFurmlCsDODrPw==

hangul-js@^0.2.6:
  version "0.2.6"
  resolved "https://registry.yarnpkg.com/hangul-js/-/hangul-js-0.2.6.tgz#3e552e3a68c76498cf2c7993ca354af7bad4730d"
  integrity sha512-48axU8LgjCD30FEs66Xc04/8knxMwCMQw0f67l67rlttW7VXT3qRJgQeHmhiuGwWXGvSbk6YM0fhQlcjE1JFQA==

lodash.merge@^4.6.2:
  version "4.6.2"
  resolved "https://registry.yarnpkg.com/lodash.merge/-/lodash.merge-4.6.2.tgz#558aa53b43b661e1925a0afdfa36a9a1085fe57a"
  integrity sha512-0KpjqXRVvrYyCsX1swR/XTK0va6VQkQM6MNo7PqW77ByjAhoARA8EfrP1N4+KlKj8YS0ZUCtRT/YUuhyYDujIQ==

typescript@^4.8.4:
  version "4.8.4"
  resolved "https://registry.yarnpkg.com/typescript/-/typescript-4.8.4.tgz#c464abca159669597be5f96b8943500b238e60e6"
  integrity sha512-QCh+85mCy+h0IGff8r5XWzOVSbBO+KfeYrMQh7NJ58QujwcE22u+NUSmUxqF+un70P9GXKxa2HCNiTTMJknyjQ==
